
Microsoft Visual Studio Solution File, Format Version 12.00
# Visual Studio Version 16
VisualStudioVersion = 16.0.30907.101
MinimumVisualStudioVersion = 10.0.40219.1
Project("{9A19103F-16F7-4668-BE54-9A1E7A4F7556}") = "Weather.Api", "src\Weather.Api\Weather.Api.csproj", "{E7DB3E0A-2D12-431C-A7A7-7342E11E6839}"
EndProject
Project("{FAE04EC0-301F-11D3-BF4B-00C04F79EFBC}") = "Weather.Domain", "src\Weather.Domain\Weather.Domain.csproj", "{FB548953-F6E0-49E6-8D57-F7CAD8FE1F75}"
EndProject
Project("{FAE04EC0-301F-11D3-BF4B-00C04F79EFBC}") = "Weather.Infra", "src\Weather.Infra\Weather.Infra.csproj", "{AA9A58F4-1EA9-4598-AE7B-F30900FAD43F}"
EndProject
Project("{FAE04EC0-301F-11D3-BF4B-00C04F79EFBC}") = "Weather.Core", "src\Weather.Core\Weather.Core.csproj", "{B183948D-FE62-4649-B2CE-C401FCF1C939}"
EndProject
Project("{FAE04EC0-301F-11D3-BF4B-00C04F79EFBC}") = "Weather.Tests", "tests\Weather.Tests\Weather.Tests.csproj", "{7543DAC3-030F-4106-B7B0-1BF5936E25A1}"
EndProject
Global
	GlobalSection(SolutionConfigurationPlatforms) = preSolution
		Debug|Any CPU = Debug|Any CPU
		Release|Any CPU = Release|Any CPU
	EndGlobalSection
	GlobalSection(ProjectConfigurationPlatforms) = postSolution
		{E7DB3E0A-2D12-431C-A7A7-7342E11E6839}.Debug|Any CPU.ActiveCfg = Debug|Any CPU
		{E7DB3E0A-2D12-431C-A7A7-7342E11E6839}.Debug|Any CPU.Build.0 = Debug|Any CPU
		{E7DB3E0A-2D12-431C-A7A7-7342E11E6839}.Release|Any CPU.ActiveCfg = Release|Any CPU
		{E7DB3E0A-2D12-431C-A7A7-7342E11E6839}.Release|Any CPU.Build.0 = Release|Any CPU
		{FB548953-F6E0-49E6-8D57-F7CAD8FE1F75}.Debug|Any CPU.ActiveCfg = Debug|Any CPU
		{FB548953-F6E0-49E6-8D57-F7CAD8FE1F75}.Debug|Any CPU.Build.0 = Debug|Any CPU
		{FB548953-F6E0-49E6-8D57-F7CAD8FE1F75}.Release|Any CPU.ActiveCfg = Release|Any CPU
		{FB548953-F6E0-49E6-8D57-F7CAD8FE1F75}.Release|Any CPU.Build.0 = Release|Any CPU
		{AA9A58F4-1EA9-4598-AE7B-F30900FAD43F}.Debug|Any CPU.ActiveCfg = Debug|Any CPU
		{AA9A58F4-1EA9-4598-AE7B-F30900FAD43F}.Debug|Any CPU.Build.0 = Debug|Any CPU
		{AA9A58F4-1EA9-4598-AE7B-F30900FAD43F}.Release|Any CPU.ActiveCfg = Release|Any CPU
		{AA9A58F4-1EA9-4598-AE7B-F30900FAD43F}.Release|Any CPU.Build.0 = Release|Any CPU
		{B183948D-FE62-4649-B2CE-C401FCF1C939}.Debug|Any CPU.ActiveCfg = Debug|Any CPU
		{B183948D-FE62-4649-B2CE-C401FCF1C939}.Debug|Any CPU.Build.0 = Debug|Any CPU
		{B183948D-FE62-4649-B2CE-C401FCF1C939}.Release|Any CPU.ActiveCfg = Release|Any CPU
		{B183948D-FE62-4649-B2CE-C401FCF1C939}.Release|Any CPU.Build.0 = Release|Any CPU
		{7543DAC3-030F-4106-B7B0-1BF5936E25A1}.Debug|Any CPU.ActiveCfg = Debug|Any CPU
		{7543DAC3-030F-4106-B7B0-1BF5936E25A1}.Debug|Any CPU.Build.0 = Debug|Any CPU
		{7543DAC3-030F-4106-B7B0-1BF5936E25A1}.Release|Any CPU.ActiveCfg = Release|Any CPU
		{7543DAC3-030F-4106-B7B0-1BF5936E25A1}.Release|Any CPU.Build.0 = Release|Any CPU
	EndGlobalSection
	GlobalSection(SolutionProperties) = preSolution
		HideSolutionNode = FALSE
	EndGlobalSection
	GlobalSection(ExtensibilityGlobals) = postSolution
		SolutionGuid = {2F0D1463-2CDA-42D6-9768-E04BAAED1E9E}
	EndGlobalSection
EndGlobal
